
Microsoft Visual Studio Solution File, Format Version 12.00
# Visual Studio Version 17
VisualStudioVersion = 17.7.34024.191
MinimumVisualStudioVersion = 10.0.40219.1
Project("{FAE04EC0-301F-11D3-BF4B-00C04F79EFBC}") = "Example1", "ConsoleApp1\Example1.csproj", "{D379EF35-C7D0-4EAE-B404-86697B471994}"
EndProject
Project("{FAE04EC0-301F-11D3-BF4B-00C04F79EFBC}") = "IfLesson", "IfLesson\IfLesson.csproj", "{21B1A5E0-26B4-44A7-AF99-3588781A139C}"
EndProject
Project("{FAE04EC0-301F-11D3-BF4B-00C04F79EFBC}") = "HomeLesson3", "HomeLesson3\HomeLesson3.csproj", "{8928D82C-0069-491F-9F29-7A996473154C}"
EndProject
Project("{FAE04EC0-301F-11D3-BF4B-00C04F79EFBC}") = "Nov19Lesson", "Nov19Lesson\Nov19Lesson.csproj", "{316860A0-A842-4A0A-B46D-9899D21AA1B0}"
EndProject
<<<<<<< HEAD
Project("{FAE04EC0-301F-11D3-BF4B-00C04F79EFBC}") = "Nov22Lesson", "Nov22Lesson\Nov22Lesson.csproj", "{E0EFAD9A-314A-490C-84B5-612A4C8F6519}"
EndProject
Project("{FAE04EC0-301F-11D3-BF4B-00C04F79EFBC}") = "Nov26ForLesson", "Nov26ForLesson\Nov26ForLesson.csproj", "{CA6B986D-A206-4AB4-AD58-372B1EA51BB8}"
EndProject
Project("{FAE04EC0-301F-11D3-BF4B-00C04F79EFBC}") = "Nov26WhileLesson", "Nov26WhileLesson\Nov26WhileLesson.csproj", "{16679A86-0DF2-4D7E-98CB-8A0C7906D617}"
EndProject
Project("{FAE04EC0-301F-11D3-BF4B-00C04F79EFBC}") = "Dec3Lesson", "Dec3Lesson\Dec3Lesson.csproj", "{C5DAAC77-3431-4E51-8638-02150797563C}"
EndProject
=======
>>>>>>> 3a64e502451bb28e63c9290e6e40f0e8e9f1484d
Global
	GlobalSection(SolutionConfigurationPlatforms) = preSolution
		Debug|Any CPU = Debug|Any CPU
		Release|Any CPU = Release|Any CPU
	EndGlobalSection
	GlobalSection(ProjectConfigurationPlatforms) = postSolution
		{D379EF35-C7D0-4EAE-B404-86697B471994}.Debug|Any CPU.ActiveCfg = Debug|Any CPU
		{D379EF35-C7D0-4EAE-B404-86697B471994}.Debug|Any CPU.Build.0 = Debug|Any CPU
		{D379EF35-C7D0-4EAE-B404-86697B471994}.Release|Any CPU.ActiveCfg = Release|Any CPU
		{D379EF35-C7D0-4EAE-B404-86697B471994}.Release|Any CPU.Build.0 = Release|Any CPU
		{21B1A5E0-26B4-44A7-AF99-3588781A139C}.Debug|Any CPU.ActiveCfg = Debug|Any CPU
		{21B1A5E0-26B4-44A7-AF99-3588781A139C}.Debug|Any CPU.Build.0 = Debug|Any CPU
		{21B1A5E0-26B4-44A7-AF99-3588781A139C}.Release|Any CPU.ActiveCfg = Release|Any CPU
		{21B1A5E0-26B4-44A7-AF99-3588781A139C}.Release|Any CPU.Build.0 = Release|Any CPU
		{8928D82C-0069-491F-9F29-7A996473154C}.Debug|Any CPU.ActiveCfg = Debug|Any CPU
		{8928D82C-0069-491F-9F29-7A996473154C}.Debug|Any CPU.Build.0 = Debug|Any CPU
		{8928D82C-0069-491F-9F29-7A996473154C}.Release|Any CPU.ActiveCfg = Release|Any CPU
		{8928D82C-0069-491F-9F29-7A996473154C}.Release|Any CPU.Build.0 = Release|Any CPU
		{316860A0-A842-4A0A-B46D-9899D21AA1B0}.Debug|Any CPU.ActiveCfg = Debug|Any CPU
		{316860A0-A842-4A0A-B46D-9899D21AA1B0}.Debug|Any CPU.Build.0 = Debug|Any CPU
		{316860A0-A842-4A0A-B46D-9899D21AA1B0}.Release|Any CPU.ActiveCfg = Release|Any CPU
		{316860A0-A842-4A0A-B46D-9899D21AA1B0}.Release|Any CPU.Build.0 = Release|Any CPU
<<<<<<< HEAD
		{E0EFAD9A-314A-490C-84B5-612A4C8F6519}.Debug|Any CPU.ActiveCfg = Debug|Any CPU
		{E0EFAD9A-314A-490C-84B5-612A4C8F6519}.Debug|Any CPU.Build.0 = Debug|Any CPU
		{E0EFAD9A-314A-490C-84B5-612A4C8F6519}.Release|Any CPU.ActiveCfg = Release|Any CPU
		{E0EFAD9A-314A-490C-84B5-612A4C8F6519}.Release|Any CPU.Build.0 = Release|Any CPU
		{CA6B986D-A206-4AB4-AD58-372B1EA51BB8}.Debug|Any CPU.ActiveCfg = Debug|Any CPU
		{CA6B986D-A206-4AB4-AD58-372B1EA51BB8}.Debug|Any CPU.Build.0 = Debug|Any CPU
		{CA6B986D-A206-4AB4-AD58-372B1EA51BB8}.Release|Any CPU.ActiveCfg = Release|Any CPU
		{CA6B986D-A206-4AB4-AD58-372B1EA51BB8}.Release|Any CPU.Build.0 = Release|Any CPU
		{16679A86-0DF2-4D7E-98CB-8A0C7906D617}.Debug|Any CPU.ActiveCfg = Debug|Any CPU
		{16679A86-0DF2-4D7E-98CB-8A0C7906D617}.Debug|Any CPU.Build.0 = Debug|Any CPU
		{16679A86-0DF2-4D7E-98CB-8A0C7906D617}.Release|Any CPU.ActiveCfg = Release|Any CPU
		{16679A86-0DF2-4D7E-98CB-8A0C7906D617}.Release|Any CPU.Build.0 = Release|Any CPU
		{C5DAAC77-3431-4E51-8638-02150797563C}.Debug|Any CPU.ActiveCfg = Debug|Any CPU
		{C5DAAC77-3431-4E51-8638-02150797563C}.Debug|Any CPU.Build.0 = Debug|Any CPU
		{C5DAAC77-3431-4E51-8638-02150797563C}.Release|Any CPU.ActiveCfg = Release|Any CPU
		{C5DAAC77-3431-4E51-8638-02150797563C}.Release|Any CPU.Build.0 = Release|Any CPU
=======
>>>>>>> 3a64e502451bb28e63c9290e6e40f0e8e9f1484d
	EndGlobalSection
	GlobalSection(SolutionProperties) = preSolution
		HideSolutionNode = FALSE
	EndGlobalSection
	GlobalSection(ExtensibilityGlobals) = postSolution
		SolutionGuid = {F87FCDAF-05E4-4FC7-B1E7-B73BDD565AA8}
	EndGlobalSection
EndGlobal
